
Microsoft Visual Studio Solution File, Format Version 11.00
# Visual Studio 2010
Project("{2150E333-8FDC-42A3-9474-1A3956D46DE8}") = "src", "src", "{F12C25D4-305B-4BD4-8011-C434A90C918F}"
EndProject
Project("{FAE04EC0-301F-11D3-BF4B-00C04F79EFBC}") = "Badr.Demo.mono", "src\Badr.Demo\Badr.Demo.mono.csproj", "{D2D3A4E1-FAD7-41F2-BE82-7BBE252514C3}"
EndProject
Project("{FAE04EC0-301F-11D3-BF4B-00C04F79EFBC}") = "Badr.Orm.mono", "src\Badr.Orm\Badr.Orm.mono.csproj", "{23454ED0-FA98-4701-A7D9-75E44D6C55DB}"
EndProject
Project("{FAE04EC0-301F-11D3-BF4B-00C04F79EFBC}") = "Badr.Server.mono", "src\Badr.Server\Badr.Server.mono.csproj", "{477E8E97-6FE9-4E3B-858E-2EBA823ACEDF}"
EndProject
Project("{FAE04EC0-301F-11D3-BF4B-00C04F79EFBC}") = "Badr.Apps.mono", "src\Badr.Apps\Badr.Apps.mono.csproj", "{78708560-9FB8-49CA-B328-7B53AD087FB8}"
EndProject
Project("{FAE04EC0-301F-11D3-BF4B-00C04F79EFBC}") = "Badr.Net.mono", "src\Badr.Net\Badr.Net.mono.csproj", "{6A65EE42-6B11-40F4-8E3C-B40E4AB21001}"
EndProject
Project("{2150E333-8FDC-42A3-9474-1A3956D46DE8}") = "test", "test", "{BF5CEB94-C6C1-4337-88AF-C307AD07D273}"
EndProject
Project("{FAE04EC0-301F-11D3-BF4B-00C04F79EFBC}") = "Badr.Test.mono", "test\Badr.Test\Badr.Test.mono.csproj", "{77F2220F-9E68-4A65-9874-4B538AB44BB7}"
EndProject
Project("{2150E333-8FDC-42A3-9474-1A3956D46DE8}") = "testrunner", "testrunner", "{4E205FA7-5BDE-41D2-92DF-B7870095E0CC}"
	ProjectSection(SolutionItems) = preProject
		testrunner\Badr.Orm.Test.runner.csproj = testrunner\Badr.Orm.Test.runner.csproj
	EndProjectSection
EndProject
Global
	GlobalSection(SolutionConfigurationPlatforms) = preSolution
		Debug[+TEST]|Any CPU = Debug[+TEST]|Any CPU
		Debug[+TEST]|Mixed Platforms = Debug[+TEST]|Mixed Platforms
		Debug[+TEST]|x64 = Debug[+TEST]|x64
		Debug[+TEST]|x86 = Debug[+TEST]|x86
		Debug|Any CPU = Debug|Any CPU
		Debug|Mixed Platforms = Debug|Mixed Platforms
		Debug|x64 = Debug|x64
		Debug|x86 = Debug|x86
		Release[+TEST]|Any CPU = Release[+TEST]|Any CPU
		Release[+TEST]|Mixed Platforms = Release[+TEST]|Mixed Platforms
		Release[+TEST]|x64 = Release[+TEST]|x64
		Release[+TEST]|x86 = Release[+TEST]|x86
		Release|Any CPU = Release|Any CPU
		Release|Mixed Platforms = Release|Mixed Platforms
		Release|x64 = Release|x64
		Release|x86 = Release|x86
	EndGlobalSection
	GlobalSection(ProjectConfigurationPlatforms) = postSolution
		{23454ED0-FA98-4701-A7D9-75E44D6C55DB}.Debug[+TEST]|Any CPU.ActiveCfg = Debug[+TEST]|Any CPU
		{23454ED0-FA98-4701-A7D9-75E44D6C55DB}.Debug[+TEST]|Any CPU.Build.0 = Debug[+TEST]|Any CPU
		{23454ED0-FA98-4701-A7D9-75E44D6C55DB}.Debug[+TEST]|Mixed Platforms.ActiveCfg = Debug[+TEST]|Any CPU
		{23454ED0-FA98-4701-A7D9-75E44D6C55DB}.Debug[+TEST]|Mixed Platforms.Build.0 = Debug[+TEST]|Any CPU
		{23454ED0-FA98-4701-A7D9-75E44D6C55DB}.Debug[+TEST]|x64.ActiveCfg = Debug[+TEST]|x64
		{23454ED0-FA98-4701-A7D9-75E44D6C55DB}.Debug[+TEST]|x64.Build.0 = Debug[+TEST]|x64
		{23454ED0-FA98-4701-A7D9-75E44D6C55DB}.Debug[+TEST]|x86.ActiveCfg = Debug[+TEST]|x86
		{23454ED0-FA98-4701-A7D9-75E44D6C55DB}.Debug[+TEST]|x86.Build.0 = Debug[+TEST]|x86
		{23454ED0-FA98-4701-A7D9-75E44D6C55DB}.Debug|Any CPU.ActiveCfg = Debug|Any CPU
		{23454ED0-FA98-4701-A7D9-75E44D6C55DB}.Debug|Any CPU.Build.0 = Debug|Any CPU
		{23454ED0-FA98-4701-A7D9-75E44D6C55DB}.Debug|Mixed Platforms.ActiveCfg = Debug|Any CPU
		{23454ED0-FA98-4701-A7D9-75E44D6C55DB}.Debug|Mixed Platforms.Build.0 = Debug|Any CPU
		{23454ED0-FA98-4701-A7D9-75E44D6C55DB}.Debug|x64.ActiveCfg = Debug|x64
		{23454ED0-FA98-4701-A7D9-75E44D6C55DB}.Debug|x64.Build.0 = Debug|x64
		{23454ED0-FA98-4701-A7D9-75E44D6C55DB}.Debug|x86.ActiveCfg = Debug|x86
		{23454ED0-FA98-4701-A7D9-75E44D6C55DB}.Debug|x86.Build.0 = Debug|x86
		{23454ED0-FA98-4701-A7D9-75E44D6C55DB}.Release[+TEST]|Any CPU.ActiveCfg = Release[+TEST]|Any CPU
		{23454ED0-FA98-4701-A7D9-75E44D6C55DB}.Release[+TEST]|Any CPU.Build.0 = Release[+TEST]|Any CPU
		{23454ED0-FA98-4701-A7D9-75E44D6C55DB}.Release[+TEST]|Mixed Platforms.ActiveCfg = Release[+TEST]|Any CPU
		{23454ED0-FA98-4701-A7D9-75E44D6C55DB}.Release[+TEST]|Mixed Platforms.Build.0 = Release[+TEST]|Any CPU
		{23454ED0-FA98-4701-A7D9-75E44D6C55DB}.Release[+TEST]|x64.ActiveCfg = Release[+TEST]|x64
		{23454ED0-FA98-4701-A7D9-75E44D6C55DB}.Release[+TEST]|x64.Build.0 = Release[+TEST]|x64
		{23454ED0-FA98-4701-A7D9-75E44D6C55DB}.Release[+TEST]|x86.ActiveCfg = Release[+TEST]|x86
		{23454ED0-FA98-4701-A7D9-75E44D6C55DB}.Release[+TEST]|x86.Build.0 = Release[+TEST]|x86
		{23454ED0-FA98-4701-A7D9-75E44D6C55DB}.Release|Any CPU.ActiveCfg = Release|Any CPU
		{23454ED0-FA98-4701-A7D9-75E44D6C55DB}.Release|Any CPU.Build.0 = Release|Any CPU
		{23454ED0-FA98-4701-A7D9-75E44D6C55DB}.Release|Mixed Platforms.ActiveCfg = Release|Any CPU
		{23454ED0-FA98-4701-A7D9-75E44D6C55DB}.Release|Mixed Platforms.Build.0 = Release|Any CPU
		{23454ED0-FA98-4701-A7D9-75E44D6C55DB}.Release|x64.ActiveCfg = Release|x64
		{23454ED0-FA98-4701-A7D9-75E44D6C55DB}.Release|x64.Build.0 = Release|x64
		{23454ED0-FA98-4701-A7D9-75E44D6C55DB}.Release|x86.ActiveCfg = Release|x86
		{23454ED0-FA98-4701-A7D9-75E44D6C55DB}.Release|x86.Build.0 = Release|x86
		{477E8E97-6FE9-4E3B-858E-2EBA823ACEDF}.Debug[+TEST]|Any CPU.ActiveCfg = Debug[+TEST]|Any CPU
		{477E8E97-6FE9-4E3B-858E-2EBA823ACEDF}.Debug[+TEST]|Any CPU.Build.0 = Debug[+TEST]|Any CPU
		{477E8E97-6FE9-4E3B-858E-2EBA823ACEDF}.Debug[+TEST]|Mixed Platforms.ActiveCfg = Debug[+TEST]|Any CPU
		{477E8E97-6FE9-4E3B-858E-2EBA823ACEDF}.Debug[+TEST]|Mixed Platforms.Build.0 = Debug[+TEST]|Any CPU
		{477E8E97-6FE9-4E3B-858E-2EBA823ACEDF}.Debug[+TEST]|x64.ActiveCfg = Debug[+TEST]|x64
		{477E8E97-6FE9-4E3B-858E-2EBA823ACEDF}.Debug[+TEST]|x64.Build.0 = Debug[+TEST]|x64
		{477E8E97-6FE9-4E3B-858E-2EBA823ACEDF}.Debug[+TEST]|x86.ActiveCfg = Debug[+TEST]|x86
		{477E8E97-6FE9-4E3B-858E-2EBA823ACEDF}.Debug[+TEST]|x86.Build.0 = Debug[+TEST]|x86
		{477E8E97-6FE9-4E3B-858E-2EBA823ACEDF}.Debug|Any CPU.ActiveCfg = Debug|Any CPU
		{477E8E97-6FE9-4E3B-858E-2EBA823ACEDF}.Debug|Any CPU.Build.0 = Debug|Any CPU
		{477E8E97-6FE9-4E3B-858E-2EBA823ACEDF}.Debug|Mixed Platforms.ActiveCfg = Debug|Any CPU
		{477E8E97-6FE9-4E3B-858E-2EBA823ACEDF}.Debug|Mixed Platforms.Build.0 = Debug|Any CPU
		{477E8E97-6FE9-4E3B-858E-2EBA823ACEDF}.Debug|x64.ActiveCfg = Debug|x64
		{477E8E97-6FE9-4E3B-858E-2EBA823ACEDF}.Debug|x64.Build.0 = Debug|x64
		{477E8E97-6FE9-4E3B-858E-2EBA823ACEDF}.Debug|x86.ActiveCfg = Debug|x86
		{477E8E97-6FE9-4E3B-858E-2EBA823ACEDF}.Debug|x86.Build.0 = Debug|x86
		{477E8E97-6FE9-4E3B-858E-2EBA823ACEDF}.Release[+TEST]|Any CPU.ActiveCfg = Release[+TEST]|Any CPU
		{477E8E97-6FE9-4E3B-858E-2EBA823ACEDF}.Release[+TEST]|Any CPU.Build.0 = Release[+TEST]|Any CPU
		{477E8E97-6FE9-4E3B-858E-2EBA823ACEDF}.Release[+TEST]|Mixed Platforms.ActiveCfg = Release[+TEST]|Any CPU
		{477E8E97-6FE9-4E3B-858E-2EBA823ACEDF}.Release[+TEST]|Mixed Platforms.Build.0 = Release[+TEST]|Any CPU
		{477E8E97-6FE9-4E3B-858E-2EBA823ACEDF}.Release[+TEST]|x64.ActiveCfg = Release[+TEST]|x64
		{477E8E97-6FE9-4E3B-858E-2EBA823ACEDF}.Release[+TEST]|x64.Build.0 = Release[+TEST]|x64
		{477E8E97-6FE9-4E3B-858E-2EBA823ACEDF}.Release[+TEST]|x86.ActiveCfg = Release[+TEST]|x86
		{477E8E97-6FE9-4E3B-858E-2EBA823ACEDF}.Release[+TEST]|x86.Build.0 = Release[+TEST]|x86
		{477E8E97-6FE9-4E3B-858E-2EBA823ACEDF}.Release|Any CPU.ActiveCfg = Release|Any CPU
		{477E8E97-6FE9-4E3B-858E-2EBA823ACEDF}.Release|Any CPU.Build.0 = Release|Any CPU
		{477E8E97-6FE9-4E3B-858E-2EBA823ACEDF}.Release|Mixed Platforms.ActiveCfg = Release|Any CPU
		{477E8E97-6FE9-4E3B-858E-2EBA823ACEDF}.Release|Mixed Platforms.Build.0 = Release|Any CPU
		{477E8E97-6FE9-4E3B-858E-2EBA823ACEDF}.Release|x64.ActiveCfg = Release|x64
		{477E8E97-6FE9-4E3B-858E-2EBA823ACEDF}.Release|x64.Build.0 = Release|x64
		{477E8E97-6FE9-4E3B-858E-2EBA823ACEDF}.Release|x86.ActiveCfg = Release|x86
		{477E8E97-6FE9-4E3B-858E-2EBA823ACEDF}.Release|x86.Build.0 = Release|x86
		{6A65EE42-6B11-40F4-8E3C-B40E4AB21001}.Debug[+TEST]|Any CPU.ActiveCfg = Debug[+TEST]|Any CPU
		{6A65EE42-6B11-40F4-8E3C-B40E4AB21001}.Debug[+TEST]|Any CPU.Build.0 = Debug[+TEST]|Any CPU
		{6A65EE42-6B11-40F4-8E3C-B40E4AB21001}.Debug[+TEST]|Mixed Platforms.ActiveCfg = Debug[+TEST]|Any CPU
		{6A65EE42-6B11-40F4-8E3C-B40E4AB21001}.Debug[+TEST]|Mixed Platforms.Build.0 = Debug[+TEST]|Any CPU
		{6A65EE42-6B11-40F4-8E3C-B40E4AB21001}.Debug[+TEST]|x64.ActiveCfg = Debug[+TEST]|x64
		{6A65EE42-6B11-40F4-8E3C-B40E4AB21001}.Debug[+TEST]|x64.Build.0 = Debug[+TEST]|x64
		{6A65EE42-6B11-40F4-8E3C-B40E4AB21001}.Debug[+TEST]|x86.ActiveCfg = Debug[+TEST]|x86
		{6A65EE42-6B11-40F4-8E3C-B40E4AB21001}.Debug[+TEST]|x86.Build.0 = Debug[+TEST]|x86
		{6A65EE42-6B11-40F4-8E3C-B40E4AB21001}.Debug|Any CPU.ActiveCfg = Debug|Any CPU
		{6A65EE42-6B11-40F4-8E3C-B40E4AB21001}.Debug|Any CPU.Build.0 = Debug|Any CPU
		{6A65EE42-6B11-40F4-8E3C-B40E4AB21001}.Debug|Mixed Platforms.ActiveCfg = Debug|Any CPU
		{6A65EE42-6B11-40F4-8E3C-B40E4AB21001}.Debug|Mixed Platforms.Build.0 = Debug|Any CPU
		{6A65EE42-6B11-40F4-8E3C-B40E4AB21001}.Debug|x64.ActiveCfg = Debug|x64
		{6A65EE42-6B11-40F4-8E3C-B40E4AB21001}.Debug|x64.Build.0 = Debug|x64
		{6A65EE42-6B11-40F4-8E3C-B40E4AB21001}.Debug|x86.ActiveCfg = Debug|x86
		{6A65EE42-6B11-40F4-8E3C-B40E4AB21001}.Debug|x86.Build.0 = Debug|x86
		{6A65EE42-6B11-40F4-8E3C-B40E4AB21001}.Release[+TEST]|Any CPU.ActiveCfg = Release[+TEST]|Any CPU
		{6A65EE42-6B11-40F4-8E3C-B40E4AB21001}.Release[+TEST]|Any CPU.Build.0 = Release[+TEST]|Any CPU
		{6A65EE42-6B11-40F4-8E3C-B40E4AB21001}.Release[+TEST]|Mixed Platforms.ActiveCfg = Release[+TEST]|Any CPU
		{6A65EE42-6B11-40F4-8E3C-B40E4AB21001}.Release[+TEST]|Mixed Platforms.Build.0 = Release[+TEST]|Any CPU
		{6A65EE42-6B11-40F4-8E3C-B40E4AB21001}.Release[+TEST]|x64.ActiveCfg = Release[+TEST]|x64
		{6A65EE42-6B11-40F4-8E3C-B40E4AB21001}.Release[+TEST]|x64.Build.0 = Release[+TEST]|x64
		{6A65EE42-6B11-40F4-8E3C-B40E4AB21001}.Release[+TEST]|x86.ActiveCfg = Release[+TEST]|x86
		{6A65EE42-6B11-40F4-8E3C-B40E4AB21001}.Release[+TEST]|x86.Build.0 = Release[+TEST]|x86
		{6A65EE42-6B11-40F4-8E3C-B40E4AB21001}.Release|Any CPU.ActiveCfg = Release|Any CPU
		{6A65EE42-6B11-40F4-8E3C-B40E4AB21001}.Release|Any CPU.Build.0 = Release|Any CPU
		{6A65EE42-6B11-40F4-8E3C-B40E4AB21001}.Release|Mixed Platforms.ActiveCfg = Release|Any CPU
		{6A65EE42-6B11-40F4-8E3C-B40E4AB21001}.Release|Mixed Platforms.Build.0 = Release|Any CPU
		{6A65EE42-6B11-40F4-8E3C-B40E4AB21001}.Release|x64.ActiveCfg = Release|x64
		{6A65EE42-6B11-40F4-8E3C-B40E4AB21001}.Release|x64.Build.0 = Release|x64
		{6A65EE42-6B11-40F4-8E3C-B40E4AB21001}.Release|x86.ActiveCfg = Release|x86
		{6A65EE42-6B11-40F4-8E3C-B40E4AB21001}.Release|x86.Build.0 = Release|x86
		{77F2220F-9E68-4A65-9874-4B538AB44BB7}.Debug[+TEST]|Any CPU.ActiveCfg = Debug[+TEST]|Any CPU
		{77F2220F-9E68-4A65-9874-4B538AB44BB7}.Debug[+TEST]|Any CPU.Build.0 = Debug[+TEST]|Any CPU
		{77F2220F-9E68-4A65-9874-4B538AB44BB7}.Debug[+TEST]|Mixed Platforms.ActiveCfg = Debug[+TEST]|Any CPU
		{77F2220F-9E68-4A65-9874-4B538AB44BB7}.Debug[+TEST]|Mixed Platforms.Build.0 = Debug[+TEST]|Any CPU
		{77F2220F-9E68-4A65-9874-4B538AB44BB7}.Debug[+TEST]|x64.ActiveCfg = Debug[+TEST]|x64
		{77F2220F-9E68-4A65-9874-4B538AB44BB7}.Debug[+TEST]|x64.Build.0 = Debug[+TEST]|x64
		{77F2220F-9E68-4A65-9874-4B538AB44BB7}.Debug[+TEST]|x86.ActiveCfg = Debug[+TEST]|x86
		{77F2220F-9E68-4A65-9874-4B538AB44BB7}.Debug[+TEST]|x86.Build.0 = Debug[+TEST]|x86
		{77F2220F-9E68-4A65-9874-4B538AB44BB7}.Debug|Any CPU.ActiveCfg = Debug|Any CPU
		{77F2220F-9E68-4A65-9874-4B538AB44BB7}.Debug|Any CPU.Build.0 = Debug|Any CPU
		{77F2220F-9E68-4A65-9874-4B538AB44BB7}.Debug|Mixed Platforms.ActiveCfg = Debug|Any CPU
		{77F2220F-9E68-4A65-9874-4B538AB44BB7}.Debug|Mixed Platforms.Build.0 = Debug|Any CPU
		{77F2220F-9E68-4A65-9874-4B538AB44BB7}.Debug|x64.ActiveCfg = Debug|x64
		{77F2220F-9E68-4A65-9874-4B538AB44BB7}.Debug|x64.Build.0 = Debug|x64
		{77F2220F-9E68-4A65-9874-4B538AB44BB7}.Debug|x86.ActiveCfg = Debug|x86
		{77F2220F-9E68-4A65-9874-4B538AB44BB7}.Debug|x86.Build.0 = Debug|x86
		{77F2220F-9E68-4A65-9874-4B538AB44BB7}.Release[+TEST]|Any CPU.ActiveCfg = Release[+TEST]|Any CPU
		{77F2220F-9E68-4A65-9874-4B538AB44BB7}.Release[+TEST]|Any CPU.Build.0 = Release[+TEST]|Any CPU
		{77F2220F-9E68-4A65-9874-4B538AB44BB7}.Release[+TEST]|Mixed Platforms.ActiveCfg = Release[+TEST]|Any CPU
		{77F2220F-9E68-4A65-9874-4B538AB44BB7}.Release[+TEST]|Mixed Platforms.Build.0 = Release[+TEST]|Any CPU
		{77F2220F-9E68-4A65-9874-4B538AB44BB7}.Release[+TEST]|x64.ActiveCfg = Release[+TEST]|x64
		{77F2220F-9E68-4A65-9874-4B538AB44BB7}.Release[+TEST]|x64.Build.0 = Release[+TEST]|x64
		{77F2220F-9E68-4A65-9874-4B538AB44BB7}.Release[+TEST]|x86.ActiveCfg = Release[+TEST]|x86
		{77F2220F-9E68-4A65-9874-4B538AB44BB7}.Release[+TEST]|x86.Build.0 = Release[+TEST]|x86
		{77F2220F-9E68-4A65-9874-4B538AB44BB7}.Release|Any CPU.ActiveCfg = Release|Any CPU
		{77F2220F-9E68-4A65-9874-4B538AB44BB7}.Release|Any CPU.Build.0 = Release|Any CPU
		{77F2220F-9E68-4A65-9874-4B538AB44BB7}.Release|Mixed Platforms.ActiveCfg = Release|Any CPU
		{77F2220F-9E68-4A65-9874-4B538AB44BB7}.Release|Mixed Platforms.Build.0 = Release|Any CPU
		{77F2220F-9E68-4A65-9874-4B538AB44BB7}.Release|x64.ActiveCfg = Release|x64
		{77F2220F-9E68-4A65-9874-4B538AB44BB7}.Release|x64.Build.0 = Release|x64
		{77F2220F-9E68-4A65-9874-4B538AB44BB7}.Release|x86.ActiveCfg = Release|x86
		{77F2220F-9E68-4A65-9874-4B538AB44BB7}.Release|x86.Build.0 = Release|x86
		{78708560-9FB8-49CA-B328-7B53AD087FB8}.Debug[+TEST]|Any CPU.ActiveCfg = Debug[+TEST]|Any CPU
		{78708560-9FB8-49CA-B328-7B53AD087FB8}.Debug[+TEST]|Any CPU.Build.0 = Debug[+TEST]|Any CPU
		{78708560-9FB8-49CA-B328-7B53AD087FB8}.Debug[+TEST]|Mixed Platforms.ActiveCfg = Debug[+TEST]|Any CPU
		{78708560-9FB8-49CA-B328-7B53AD087FB8}.Debug[+TEST]|Mixed Platforms.Build.0 = Debug[+TEST]|Any CPU
		{78708560-9FB8-49CA-B328-7B53AD087FB8}.Debug[+TEST]|x64.ActiveCfg = Debug[+TEST]|x64
		{78708560-9FB8-49CA-B328-7B53AD087FB8}.Debug[+TEST]|x64.Build.0 = Debug[+TEST]|x64
		{78708560-9FB8-49CA-B328-7B53AD087FB8}.Debug[+TEST]|x86.ActiveCfg = Debug[+TEST]|x86
		{78708560-9FB8-49CA-B328-7B53AD087FB8}.Debug[+TEST]|x86.Build.0 = Debug[+TEST]|x86
		{78708560-9FB8-49CA-B328-7B53AD087FB8}.Debug|Any CPU.ActiveCfg = Debug|Any CPU
		{78708560-9FB8-49CA-B328-7B53AD087FB8}.Debug|Any CPU.Build.0 = Debug|Any CPU
		{78708560-9FB8-49CA-B328-7B53AD087FB8}.Debug|Mixed Platforms.ActiveCfg = Debug|Any CPU
		{78708560-9FB8-49CA-B328-7B53AD087FB8}.Debug|Mixed Platforms.Build.0 = Debug|Any CPU
		{78708560-9FB8-49CA-B328-7B53AD087FB8}.Debug|x64.ActiveCfg = Debug|x64
		{78708560-9FB8-49CA-B328-7B53AD087FB8}.Debug|x64.Build.0 = Debug|x64
		{78708560-9FB8-49CA-B328-7B53AD087FB8}.Debug|x86.ActiveCfg = Debug|x86
		{78708560-9FB8-49CA-B328-7B53AD087FB8}.Debug|x86.Build.0 = Debug|x86
		{78708560-9FB8-49CA-B328-7B53AD087FB8}.Release[+TEST]|Any CPU.ActiveCfg = Release[+TEST]|Any CPU
		{78708560-9FB8-49CA-B328-7B53AD087FB8}.Release[+TEST]|Any CPU.Build.0 = Release[+TEST]|Any CPU
		{78708560-9FB8-49CA-B328-7B53AD087FB8}.Release[+TEST]|Mixed Platforms.ActiveCfg = Release[+TEST]|Any CPU
		{78708560-9FB8-49CA-B328-7B53AD087FB8}.Release[+TEST]|Mixed Platforms.Build.0 = Release[+TEST]|Any CPU
		{78708560-9FB8-49CA-B328-7B53AD087FB8}.Release[+TEST]|x64.ActiveCfg = Release[+TEST]|x64
		{78708560-9FB8-49CA-B328-7B53AD087FB8}.Release[+TEST]|x64.Build.0 = Release[+TEST]|x64
		{78708560-9FB8-49CA-B328-7B53AD087FB8}.Release[+TEST]|x86.ActiveCfg = Release[+TEST]|x86
		{78708560-9FB8-49CA-B328-7B53AD087FB8}.Release[+TEST]|x86.Build.0 = Release[+TEST]|x86
		{78708560-9FB8-49CA-B328-7B53AD087FB8}.Release|Any CPU.ActiveCfg = Release|Any CPU
		{78708560-9FB8-49CA-B328-7B53AD087FB8}.Release|Any CPU.Build.0 = Release|Any CPU
		{78708560-9FB8-49CA-B328-7B53AD087FB8}.Release|Mixed Platforms.ActiveCfg = Release|Any CPU
		{78708560-9FB8-49CA-B328-7B53AD087FB8}.Release|Mixed Platforms.Build.0 = Release|Any CPU
		{78708560-9FB8-49CA-B328-7B53AD087FB8}.Release|x64.ActiveCfg = Release|x64
		{78708560-9FB8-49CA-B328-7B53AD087FB8}.Release|x64.Build.0 = Release|x64
		{78708560-9FB8-49CA-B328-7B53AD087FB8}.Release|x86.ActiveCfg = Release|x86
		{78708560-9FB8-49CA-B328-7B53AD087FB8}.Release|x86.Build.0 = Release|x86
		{D2D3A4E1-FAD7-41F2-BE82-7BBE252514C3}.Debug[+TEST]|Any CPU.ActiveCfg = Debug[+TEST]|Any CPU
		{D2D3A4E1-FAD7-41F2-BE82-7BBE252514C3}.Debug[+TEST]|Any CPU.Build.0 = Debug[+TEST]|Any CPU
		{D2D3A4E1-FAD7-41F2-BE82-7BBE252514C3}.Debug[+TEST]|Mixed Platforms.ActiveCfg = Debug[+TEST]|x86
		{D2D3A4E1-FAD7-41F2-BE82-7BBE252514C3}.Debug[+TEST]|Mixed Platforms.Build.0 = Debug[+TEST]|x86
		{D2D3A4E1-FAD7-41F2-BE82-7BBE252514C3}.Debug[+TEST]|x64.ActiveCfg = Debug[+TEST]|x64
		{D2D3A4E1-FAD7-41F2-BE82-7BBE252514C3}.Debug[+TEST]|x64.Build.0 = Debug[+TEST]|x64
		{D2D3A4E1-FAD7-41F2-BE82-7BBE252514C3}.Debug[+TEST]|x86.ActiveCfg = Debug[+TEST]|x86
		{D2D3A4E1-FAD7-41F2-BE82-7BBE252514C3}.Debug[+TEST]|x86.Build.0 = Debug[+TEST]|x86
		{D2D3A4E1-FAD7-41F2-BE82-7BBE252514C3}.Debug|Any CPU.ActiveCfg = Debug|Any CPU
		{D2D3A4E1-FAD7-41F2-BE82-7BBE252514C3}.Debug|Any CPU.Build.0 = Debug|Any CPU
		{D2D3A4E1-FAD7-41F2-BE82-7BBE252514C3}.Debug|Mixed Platforms.ActiveCfg = Debug|x86
		{D2D3A4E1-FAD7-41F2-BE82-7BBE252514C3}.Debug|Mixed Platforms.Build.0 = Debug|x86
		{D2D3A4E1-FAD7-41F2-BE82-7BBE252514C3}.Debug|x64.ActiveCfg = Debug|x64
		{D2D3A4E1-FAD7-41F2-BE82-7BBE252514C3}.Debug|x64.Build.0 = Debug|x64
		{D2D3A4E1-FAD7-41F2-BE82-7BBE252514C3}.Debug|x86.ActiveCfg = Debug|x86
		{D2D3A4E1-FAD7-41F2-BE82-7BBE252514C3}.Debug|x86.Build.0 = Debug|x86
		{D2D3A4E1-FAD7-41F2-BE82-7BBE252514C3}.Release[+TEST]|Any CPU.ActiveCfg = Release[+TEST]|Any CPU
		{D2D3A4E1-FAD7-41F2-BE82-7BBE252514C3}.Release[+TEST]|Any CPU.Build.0 = Release[+TEST]|Any CPU
		{D2D3A4E1-FAD7-41F2-BE82-7BBE252514C3}.Release[+TEST]|Mixed Platforms.ActiveCfg = Release[+TEST]|x86
		{D2D3A4E1-FAD7-41F2-BE82-7BBE252514C3}.Release[+TEST]|Mixed Platforms.Build.0 = Release[+TEST]|x86
		{D2D3A4E1-FAD7-41F2-BE82-7BBE252514C3}.Release[+TEST]|x64.ActiveCfg = Release[+TEST]|x64
		{D2D3A4E1-FAD7-41F2-BE82-7BBE252514C3}.Release[+TEST]|x64.Build.0 = Release[+TEST]|x64
		{D2D3A4E1-FAD7-41F2-BE82-7BBE252514C3}.Release[+TEST]|x86.ActiveCfg = Release[+TEST]|x86
		{D2D3A4E1-FAD7-41F2-BE82-7BBE252514C3}.Release[+TEST]|x86.Build.0 = Release[+TEST]|x86
		{D2D3A4E1-FAD7-41F2-BE82-7BBE252514C3}.Release|Any CPU.ActiveCfg = Release|Any CPU
		{D2D3A4E1-FAD7-41F2-BE82-7BBE252514C3}.Release|Any CPU.Build.0 = Release|Any CPU
		{D2D3A4E1-FAD7-41F2-BE82-7BBE252514C3}.Release|Mixed Platforms.ActiveCfg = Release|x86
		{D2D3A4E1-FAD7-41F2-BE82-7BBE252514C3}.Release|Mixed Platforms.Build.0 = Release|x86
		{D2D3A4E1-FAD7-41F2-BE82-7BBE252514C3}.Release|x64.ActiveCfg = Release|x64
		{D2D3A4E1-FAD7-41F2-BE82-7BBE252514C3}.Release|x64.Build.0 = Release|x64
		{D2D3A4E1-FAD7-41F2-BE82-7BBE252514C3}.Release|x86.ActiveCfg = Release|x86
		{D2D3A4E1-FAD7-41F2-BE82-7BBE252514C3}.Release|x86.Build.0 = Release|x86
	EndGlobalSection
	GlobalSection(NestedProjects) = preSolution
		{D2D3A4E1-FAD7-41F2-BE82-7BBE252514C3} = {F12C25D4-305B-4BD4-8011-C434A90C918F}
		{23454ED0-FA98-4701-A7D9-75E44D6C55DB} = {F12C25D4-305B-4BD4-8011-C434A90C918F}
		{477E8E97-6FE9-4E3B-858E-2EBA823ACEDF} = {F12C25D4-305B-4BD4-8011-C434A90C918F}
		{78708560-9FB8-49CA-B328-7B53AD087FB8} = {F12C25D4-305B-4BD4-8011-C434A90C918F}
		{6A65EE42-6B11-40F4-8E3C-B40E4AB21001} = {F12C25D4-305B-4BD4-8011-C434A90C918F}
		{77F2220F-9E68-4A65-9874-4B538AB44BB7} = {BF5CEB94-C6C1-4337-88AF-C307AD07D273}
	EndGlobalSection
	GlobalSection(MonoDevelopProperties) = preSolution
		StartupItem = src\Badr.Demo\Badr.Demo.mono.csproj
		Policies = $0
		$0.DotNetNamingPolicy = $1
		$1.DirectoryNamespaceAssociation = PrefixedFlat
		$1.ResourceNamePolicy = FileFormatDefault
		$0.StandardHeader = $2
		$2.Text = @\n${FileName}\n \nAuthor: ${AuthorName}\n\nCopyright (c) ${Year} ${CopyrightHolder}\n\nPermission is hereby granted, free of charge, to any person obtaining a copy\nof this software and associated documentation files (the "Software"), to deal\nin the Software without restriction, including without limitation the rights\nto use, copy, modify, merge, publish, distribute, sublicense, and/or sell\ncopies of the Software, and to permit persons to whom the Software is\nfurnished to do so, subject to the following conditions:\n\nThe above copyright notice and this permission notice shall be included in\nall copies or substantial portions of the Software.\n\nTHE SOFTWARE IS PROVIDED "AS IS", WITHOUT WARRANTY OF ANY KIND, EXPRESS OR\nIMPLIED, INCLUDING BUT NOT LIMITED TO THE WARRANTIES OF MERCHANTABILITY,\nFITNESS FOR A PARTICULAR PURPOSE AND NONINFRINGEMENT. IN NO EVENT SHALL THE\nAUTHORS OR COPYRIGHT HOLDERS BE LIABLE FOR ANY CLAIM, DAMAGES OR OTHER\nLIABILITY, WHETHER IN AN ACTION OF CONTRACT, TORT OR OTHERWISE, ARISING FROM,\nOUT OF OR IN CONNECTION WITH THE SOFTWARE OR THE USE OR OTHER DEALINGS IN\nTHE SOFTWARE.\n\nExcept as contained in this notice, the name(s) of the above copyright holders\nshall not be used in advertising or otherwise to promote the sale, use or other\ndealings in this Software without prior written authorization.\n
		$2.IncludeInNewFiles = True
		$0.NameConventionPolicy = $3
		$3.Rules = $4
		$4.NamingRule = $5
		$5.AffectedEntity = None
		$5.VisibilityMask = VisibilityMask
		$5.NamingStyle = None
		$5.IncludeInstanceMembers = True
		$5.IncludeStaticEntities = True
		$0.ChangeLogPolicy = $6
		$6.UpdateMode = None
		$6.MessageStyle = $7
		$7.LastFilePostfix = @:\n
		$7.LineAlign = 0
		$7.Wrap = False
		$6.inheritsSet = Mono
		$0.VersionControlPolicy = $8
		$8.inheritsSet = Mono
	EndGlobalSection
	GlobalSection(SolutionProperties) = preSolution
		HideSolutionNode = FALSE
	EndGlobalSection
EndGlobal
